// !$*UTF8*$!
{
	archiveVersion = 1;
	classes = {
	};
	objectVersion = 48;
	objects = {

/* Begin PBXBuildFile section */
		A19BE62C2038EC4900C88CC0 /* eclipse.json in Resources */ = {isa = PBXBuildFile; fileRef = A19BE62B2038EC4800C88CC0 /* eclipse.json */; };
		A19BE62E20393C2B00C88CC0 /* EclipseData.swift in Sources */ = {isa = PBXBuildFile; fileRef = A19BE62D20393C2B00C88CC0 /* EclipseData.swift */; };
		A1B4226520313BC500C480B1 /* AppDelegate.swift in Sources */ = {isa = PBXBuildFile; fileRef = A1B4226420313BC500C480B1 /* AppDelegate.swift */; };
		A1B4226720313BC500C480B1 /* ViewController.swift in Sources */ = {isa = PBXBuildFile; fileRef = A1B4226620313BC500C480B1 /* ViewController.swift */; };
		A1B4226A20313BC500C480B1 /* Main.storyboard in Resources */ = {isa = PBXBuildFile; fileRef = A1B4226820313BC500C480B1 /* Main.storyboard */; };
		A1B4226C20313BC500C480B1 /* Assets.xcassets in Resources */ = {isa = PBXBuildFile; fileRef = A1B4226B20313BC500C480B1 /* Assets.xcassets */; };
		A1B4226F20313BC500C480B1 /* LaunchScreen.storyboard in Resources */ = {isa = PBXBuildFile; fileRef = A1B4226D20313BC500C480B1 /* LaunchScreen.storyboard */; };
		A1F17AB12033F89100B17772 /* DetailViewController.swift in Sources */ = {isa = PBXBuildFile; fileRef = A1F17AB02033F89100B17772 /* DetailViewController.swift */; };
/* End PBXBuildFile section */

/* Begin PBXFileReference section */
		A19BE62B2038EC4800C88CC0 /* eclipse.json */ = {isa = PBXFileReference; fileEncoding = 4; lastKnownFileType = text.json; name = eclipse.json; path = ../../../eclipse/eclipse.json; sourceTree = "<group>"; };
		A19BE62D20393C2B00C88CC0 /* EclipseData.swift */ = {isa = PBXFileReference; lastKnownFileType = sourcecode.swift; path = EclipseData.swift; sourceTree = "<group>"; };
		A1B4226120313BC500C480B1 /* Tarney_Homework1.app */ = {isa = PBXFileReference; explicitFileType = wrapper.application; includeInIndex = 0; path = Tarney_Homework1.app; sourceTree = BUILT_PRODUCTS_DIR; };
		A1B4226420313BC500C480B1 /* AppDelegate.swift */ = {isa = PBXFileReference; lastKnownFileType = sourcecode.swift; path = AppDelegate.swift; sourceTree = "<group>"; };
		A1B4226620313BC500C480B1 /* ViewController.swift */ = {isa = PBXFileReference; lastKnownFileType = sourcecode.swift; path = ViewController.swift; sourceTree = "<group>"; };
		A1B4226920313BC500C480B1 /* Base */ = {isa = PBXFileReference; lastKnownFileType = file.storyboard; name = Base; path = Base.lproj/Main.storyboard; sourceTree = "<group>"; };
		A1B4226B20313BC500C480B1 /* Assets.xcassets */ = {isa = PBXFileReference; lastKnownFileType = folder.assetcatalog; path = Assets.xcassets; sourceTree = "<group>"; };
		A1B4226E20313BC500C480B1 /* Base */ = {isa = PBXFileReference; lastKnownFileType = file.storyboard; name = Base; path = Base.lproj/LaunchScreen.storyboard; sourceTree = "<group>"; };
		A1B4227020313BC500C480B1 /* Info.plist */ = {isa = PBXFileReference; lastKnownFileType = text.plist.xml; path = Info.plist; sourceTree = "<group>"; };
		A1F17AB02033F89100B17772 /* DetailViewController.swift */ = {isa = PBXFileReference; lastKnownFileType = sourcecode.swift; path = DetailViewController.swift; sourceTree = "<group>"; };
/* End PBXFileReference section */

/* Begin PBXFrameworksBuildPhase section */
		A1B4225E20313BC500C480B1 /* Frameworks */ = {
			isa = PBXFrameworksBuildPhase;
			buildActionMask = 2147483647;
			files = (
			);
			runOnlyForDeploymentPostprocessing = 0;
		};
/* End PBXFrameworksBuildPhase section */

/* Begin PBXGroup section */
		A1B4225820313BC500C480B1 = {
			isa = PBXGroup;
			children = (
				A1B4226320313BC500C480B1 /* Tarney_Homework1 */,
				A1B4226220313BC500C480B1 /* Products */,
			);
			sourceTree = "<group>";
		};
		A1B4226220313BC500C480B1 /* Products */ = {
			isa = PBXGroup;
			children = (
				A1B4226120313BC500C480B1 /* Tarney_Homework1.app */,
			);
			name = Products;
			sourceTree = "<group>";
		};
		A1B4226320313BC500C480B1 /* Tarney_Homework1 */ = {
			isa = PBXGroup;
			children = (
				A19BE62D20393C2B00C88CC0 /* EclipseData.swift */,
				A1B4226420313BC500C480B1 /* AppDelegate.swift */,
				A1B4226620313BC500C480B1 /* ViewController.swift */,
				A1B4226820313BC500C480B1 /* Main.storyboard */,
				A1B4226B20313BC500C480B1 /* Assets.xcassets */,
				A19BE62B2038EC4800C88CC0 /* eclipse.json */,
				A1B4226D20313BC500C480B1 /* LaunchScreen.storyboard */,
				A1B4227020313BC500C480B1 /* Info.plist */,
				A1F17AB02033F89100B17772 /* DetailViewController.swift */,
			);
			path = Tarney_Homework1;
			sourceTree = "<group>";
		};
/* End PBXGroup section */

/* Begin PBXNativeTarget section */
		A1B4226020313BC500C480B1 /* Tarney_Homework1 */ = {
			isa = PBXNativeTarget;
			buildConfigurationList = A1B4227320313BC500C480B1 /* Build configuration list for PBXNativeTarget "Tarney_Homework1" */;
			buildPhases = (
				A1B4225D20313BC500C480B1 /* Sources */,
				A1B4225E20313BC500C480B1 /* Frameworks */,
				A1B4225F20313BC500C480B1 /* Resources */,
			);
			buildRules = (
			);
			dependencies = (
			);
			name = Tarney_Homework1;
			productName = Tarney_Homework1;
			productReference = A1B4226120313BC500C480B1 /* Tarney_Homework1.app */;
			productType = "com.apple.product-type.application";
		};
/* End PBXNativeTarget section */

/* Begin PBXProject section */
		A1B4225920313BC500C480B1 /* Project object */ = {
			isa = PBXProject;
			attributes = {
				LastSwiftUpdateCheck = 0920;
				LastUpgradeCheck = 0920;
				ORGANIZATIONNAME = "Johns Hopkins University";
				TargetAttributes = {
					A1B4226020313BC500C480B1 = {
						CreatedOnToolsVersion = 9.2;
						ProvisioningStyle = Automatic;
					};
				};
			};
			buildConfigurationList = A1B4225C20313BC500C480B1 /* Build configuration list for PBXProject "Tarney_Homework1" */;
			compatibilityVersion = "Xcode 8.0";
			developmentRegion = en;
			hasScannedForEncodings = 0;
			knownRegions = (
				en,
				Base,
			);
			mainGroup = A1B4225820313BC500C480B1;
			productRefGroup = A1B4226220313BC500C480B1 /* Products */;
			projectDirPath = "";
			projectRoot = "";
			targets = (
				A1B4226020313BC500C480B1 /* Tarney_Homework1 */,
			);
		};
/* End PBXProject section */

/* Begin PBXResourcesBuildPhase section */
		A1B4225F20313BC500C480B1 /* Resources */ = {
			isa = PBXResourcesBuildPhase;
			buildActionMask = 2147483647;
			files = (
				A1B4226F20313BC500C480B1 /* LaunchScreen.storyboard in Resources */,
				A19BE62C2038EC4900C88CC0 /* eclipse.json in Resources */,
				A1B4226C20313BC500C480B1 /* Assets.xcassets in Resources */,
				A1B4226A20313BC500C480B1 /* Main.storyboard in Resources */,
			);
			runOnlyForDeploymentPostprocessing = 0;
		};
/* End PBXResourcesBuildPhase section */

/* Begin PBXSourcesBuildPhase section */
		A1B4225D20313BC500C480B1 /* Sources */ = {
			isa = PBXSourcesBuildPhase;
			buildActionMask = 2147483647;
			files = (
				A1F17AB12033F89100B17772 /* DetailViewController.swift in Sources */,
				A1B4226720313BC500C480B1 /* ViewController.swift in Sources */,
				A1B4226520313BC500C480B1 /* AppDelegate.swift in Sources */,
				A19BE62E20393C2B00C88CC0 /* EclipseData.swift in Sources */,
			);
			runOnlyForDeploymentPostprocessing = 0;
		};
/* End PBXSourcesBuildPhase section */

/* Begin PBXVariantGroup section */
		A1B4226820313BC500C480B1 /* Main.storyboard */ = {
			isa = PBXVariantGroup;
			children = (
				A1B4226920313BC500C480B1 /* Base */,
			);
			name = Main.storyboard;
			sourceTree = "<group>";
		};
		A1B4226D20313BC500C480B1 /* LaunchScreen.storyboard */ = {
			isa = PBXVariantGroup;
			children = (
				A1B4226E20313BC500C480B1 /* Base */,
			);
			name = LaunchScreen.storyboard;
			sourceTree = "<group>";
		};
/* End PBXVariantGroup section */

/* Begin XCBuildConfiguration section */
		A1B4227120313BC500C480B1 /* Debug */ = {
			isa = XCBuildConfiguration;
			buildSettings = {
				ALWAYS_SEARCH_USER_PATHS = NO;
				CLANG_ANALYZER_NONNULL = YES;
				CLANG_ANALYZER_NUMBER_OBJECT_CONVERSION = YES_AGGRESSIVE;
				CLANG_CXX_LANGUAGE_STANDARD = "gnu++14";
				CLANG_CXX_LIBRARY = "libc++";
				CLANG_ENABLE_MODULES = YES;
				CLANG_ENABLE_OBJC_ARC = YES;
				CLANG_WARN_BLOCK_CAPTURE_AUTORELEASING = YES;
				CLANG_WARN_BOOL_CONVERSION = YES;
				CLANG_WARN_COMMA = YES;
				CLANG_WARN_CONSTANT_CONVERSION = YES;
				CLANG_WARN_DIRECT_OBJC_ISA_USAGE = YES_ERROR;
				CLANG_WARN_DOCUMENTATION_COMMENTS = YES;
				CLANG_WARN_EMPTY_BODY = YES;
				CLANG_WARN_ENUM_CONVERSION = YES;
				CLANG_WARN_INFINITE_RECURSION = YES;
				CLANG_WARN_INT_CONVERSION = YES;
				CLANG_WARN_NON_LITERAL_NULL_CONVERSION = YES;
				CLANG_WARN_OBJC_LITERAL_CONVERSION = YES;
				CLANG_WARN_OBJC_ROOT_CLASS = YES_ERROR;
				CLANG_WARN_RANGE_LOOP_ANALYSIS = YES;
				CLANG_WARN_STRICT_PROTOTYPES = YES;
				CLANG_WARN_SUSPICIOUS_MOVE = YES;
				CLANG_WARN_UNGUARDED_AVAILABILITY = YES_AGGRESSIVE;
				CLANG_WARN_UNREACHABLE_CODE = YES;
				CLANG_WARN__DUPLICATE_METHOD_MATCH = YES;
				CODE_SIGN_IDENTITY = "iPhone Developer";
				COPY_PHASE_STRIP = NO;
				DEBUG_INFORMATION_FORMAT = dwarf;
				ENABLE_STRICT_OBJC_MSGSEND = YES;
				ENABLE_TESTABILITY = YES;
				GCC_C_LANGUAGE_STANDARD = gnu11;
				GCC_DYNAMIC_NO_PIC = NO;
				GCC_NO_COMMON_BLOCKS = YES;
				GCC_OPTIMIZATION_LEVEL = 0;
				GCC_PREPROCESSOR_DEFINITIONS = (
					"DEBUG=1",
					"$(inherited)",
				);
				GCC_WARN_64_TO_32_BIT_CONVERSION = YES;
				GCC_WARN_ABOUT_RETURN_TYPE = YES_ERROR;
				GCC_WARN_UNDECLARED_SELECTOR = YES;
				GCC_WARN_UNINITIALIZED_AUTOS = YES_AGGRESSIVE;
				GCC_WARN_UNUSED_FUNCTION = YES;
				GCC_WARN_UNUSED_VARIABLE = YES;
				IPHONEOS_DEPLOYMENT_TARGET = 11.2;
				MTL_ENABLE_DEBUG_INFO = YES;
				ONLY_ACTIVE_ARCH = YES;
				SDKROOT = iphoneos;
				SWIFT_ACTIVE_COMPILATION_CONDITIONS = DEBUG;
				SWIFT_OPTIMIZATION_LEVEL = "-Onone";
			};
			name = Debug;
		};
		A1B4227220313BC500C480B1 /* Release */ = {
			isa = XCBuildConfiguration;
			buildSettings = {
				ALWAYS_SEARCH_USER_PATHS = NO;
				CLANG_ANALYZER_NONNULL = YES;
				CLANG_ANALYZER_NUMBER_OBJECT_CONVERSION = YES_AGGRESSIVE;
				CLANG_CXX_LANGUAGE_STANDARD = "gnu++14";
				CLANG_CXX_LIBRARY = "libc++";
				CLANG_ENABLE_MODULES = YES;
				CLANG_ENABLE_OBJC_ARC = YES;
				CLANG_WARN_BLOCK_CAPTURE_AUTORELEASING = YES;
				CLANG_WARN_BOOL_CONVERSION = YES;
				CLANG_WARN_COMMA = YES;
				CLANG_WARN_CONSTANT_CONVERSION = YES;
				CLANG_WARN_DIRECT_OBJC_ISA_USAGE = YES_ERROR;
				CLANG_WARN_DOCUMENTATION_COMMENTS = YES;
				CLANG_WARN_EMPTY_BODY = YES;
				CLANG_WARN_ENUM_CONVERSION = YES;
				CLANG_WARN_INFINITE_RECURSION = YES;
				CLANG_WARN_INT_CONVERSION = YES;
				CLANG_WARN_NON_LITERAL_NULL_CONVERSION = YES;
				CLANG_WARN_OBJC_LITERAL_CONVERSION = YES;
				CLANG_WARN_OBJC_ROOT_CLASS = YES_ERROR;
				CLANG_WARN_RANGE_LOOP_ANALYSIS = YES;
				CLANG_WARN_STRICT_PROTOTYPES = YES;
				CLANG_WARN_SUSPICIOUS_MOVE = YES;
				CLANG_WARN_UNGUARDED_AVAILABILITY = YES_AGGRESSIVE;
				CLANG_WARN_UNREACHABLE_CODE = YES;
				CLANG_WARN__DUPLICATE_METHOD_MATCH = YES;
				CODE_SIGN_IDENTITY = "iPhone Developer";
				COPY_PHASE_STRIP = NO;
				DEBUG_INFORMATION_FORMAT = "dwarf-with-dsym";
				ENABLE_NS_ASSERTIONS = NO;
				ENABLE_STRICT_OBJC_MSGSEND = YES;
				GCC_C_LANGUAGE_STANDARD = gnu11;
				GCC_NO_COMMON_BLOCKS = YES;
				GCC_WARN_64_TO_32_BIT_CONVERSION = YES;
				GCC_WARN_ABOUT_RETURN_TYPE = YES_ERROR;
				GCC_WARN_UNDECLARED_SELECTOR = YES;
				GCC_WARN_UNINITIALIZED_AUTOS = YES_AGGRESSIVE;
				GCC_WARN_UNUSED_FUNCTION = YES;
				GCC_WARN_UNUSED_VARIABLE = YES;
				IPHONEOS_DEPLOYMENT_TARGET = 11.2;
				MTL_ENABLE_DEBUG_INFO = NO;
				SDKROOT = iphoneos;
				SWIFT_OPTIMIZATION_LEVEL = "-Owholemodule";
				VALIDATE_PRODUCT = YES;
			};
			name = Release;
		};
		A1B4227420313BC500C480B1 /* Debug */ = {
			isa = XCBuildConfiguration;
			buildSettings = {
				ASSETCATALOG_COMPILER_APPICON_NAME = AppIcon;
				CODE_SIGN_STYLE = Automatic;
				DEVELOPMENT_TEAM = 4562Q5CQ46;
				INFOPLIST_FILE = Tarney_Homework1/Info.plist;
				LD_RUNPATH_SEARCH_PATHS = "$(inherited) @executable_path/Frameworks";
				PRODUCT_BUNDLE_IDENTIFIER = "edu.jhu.tarney.Tarney-Homework1";
				PRODUCT_NAME = "$(TARGET_NAME)";
				SWIFT_VERSION = 4.0;
				TARGETED_DEVICE_FAMILY = "1,2";
			};
			name = Debug;
		};
		A1B4227520313BC500C480B1 /* Release */ = {
			isa = XCBuildConfiguration;
			buildSettings = {
				ASSETCATALOG_COMPILER_APPICON_NAME = AppIcon;
				CODE_SIGN_STYLE = Automatic;
				DEVELOPMENT_TEAM = 4562Q5CQ46;
				INFOPLIST_FILE = Tarney_Homework1/Info.plist;
				LD_RUNPATH_SEARCH_PATHS = "$(inherited) @executable_path/Frameworks";
				PRODUCT_BUNDLE_IDENTIFIER = "edu.jhu.tarney.Tarney-Homework1";
				PRODUCT_NAME = "$(TARGET_NAME)";
				SWIFT_VERSION = 4.0;
				TARGETED_DEVICE_FAMILY = "1,2";
			};
			name = Release;
		};
/* End XCBuildConfiguration section */

/* Begin XCConfigurationList section */
		A1B4225C20313BC500C480B1 /* Build configuration list for PBXProject "Tarney_Homework1" */ = {
			isa = XCConfigurationList;
			buildConfigurations = (
				A1B4227120313BC500C480B1 /* Debug */,
				A1B4227220313BC500C480B1 /* Release */,
			);
			defaultConfigurationIsVisible = 0;
			defaultConfigurationName = Release;
		};
		A1B4227320313BC500C480B1 /* Build configuration list for PBXNativeTarget "Tarney_Homework1" */ = {
			isa = XCConfigurationList;
			buildConfigurations = (
				A1B4227420313BC500C480B1 /* Debug */,
				A1B4227520313BC500C480B1 /* Release */,
			);
			defaultConfigurationIsVisible = 0;
			defaultConfigurationName = Release;
		};
/* End XCConfigurationList section */
	};
	rootObject = A1B4225920313BC500C480B1 /* Project object */;
}
